
Microsoft Visual Studio Solution File, Format Version 12.00
# Visual Studio Version 17
VisualStudioVersion = 17.9.34723.18
MinimumVisualStudioVersion = 10.0.40219.1
Project("{FAE04EC0-301F-11D3-BF4B-00C04F79EFBC}") = "AssociationRuleApp", "AssociationRule\AssociationRuleApp.csproj", "{3F3A264B-6121-40F4-9EF2-61B54AA9592B}"
EndProject
Global
	GlobalSection(SolutionConfigurationPlatforms) = preSolution
		Debug|Any CPU = Debug|Any CPU
		Release|Any CPU = Release|Any CPU
	EndGlobalSection
	GlobalSection(ProjectConfigurationPlatforms) = postSolution
		{3F3A264B-6121-40F4-9EF2-61B54AA9592B}.Debug|Any CPU.ActiveCfg = Debug|Any CPU
		{3F3A264B-6121-40F4-9EF2-61B54AA9592B}.Debug|Any CPU.Build.0 = Debug|Any CPU
		{3F3A264B-6121-40F4-9EF2-61B54AA9592B}.Release|Any CPU.ActiveCfg = Release|Any CPU
		{3F3A264B-6121-40F4-9EF2-61B54AA9592B}.Release|Any CPU.Build.0 = Release|Any CPU
	EndGlobalSection
	GlobalSection(SolutionProperties) = preSolution
		HideSolutionNode = FALSE
	EndGlobalSection
	GlobalSection(ExtensibilityGlobals) = postSolution
		SolutionGuid = {86385421-7523-4F92-98E9-9AB0F3153C0E}
	EndGlobalSection
EndGlobal
